
Microsoft Visual Studio Solution File, Format Version 12.00
Project("{FAE04EC0-301F-11D3-BF4B-00C04F79EFBC}") = "Mini-Loan-App", "Mini-Loan-App.csproj", "{E1030C80-D1AE-48A2-9162-162396DE4746}"
EndProject
Global
	GlobalSection(SolutionConfigurationPlatforms) = preSolution
		Debug|Any CPU = Debug|Any CPU
		Release|Any CPU = Release|Any CPU
	EndGlobalSection
	GlobalSection(ProjectConfigurationPlatforms) = postSolution
		{E1030C80-D1AE-48A2-9162-162396DE4746}.Debug|Any CPU.ActiveCfg = Debug|Any CPU
		{E1030C80-D1AE-48A2-9162-162396DE4746}.Debug|Any CPU.Build.0 = Debug|Any CPU
		{E1030C80-D1AE-48A2-9162-162396DE4746}.Release|Any CPU.ActiveCfg = Release|Any CPU
		{E1030C80-D1AE-48A2-9162-162396DE4746}.Release|Any CPU.Build.0 = Release|Any CPU
	EndGlobalSection
EndGlobal
